
Microsoft Visual Studio Solution File, Format Version 12.00
# Visual Studio Version 17
VisualStudioVersion = 17.11.35222.181
MinimumVisualStudioVersion = 10.0.40219.1
Project("{FAE04EC0-301F-11D3-BF4B-00C04F79EFBC}") = "NSocketSample", "NSocketSample.csproj", "{6722A3E8-35E3-49EC-BDC2-048E026D33DB}"
EndProject
Global
	GlobalSection(SolutionConfigurationPlatforms) = preSolution
		Debug|Any CPU = Debug|Any CPU
		Release|Any CPU = Release|Any CPU
	EndGlobalSection
	GlobalSection(ProjectConfigurationPlatforms) = postSolution
		{6722A3E8-35E3-49EC-BDC2-048E026D33DB}.Debug|Any CPU.ActiveCfg = Debug|Any CPU
		{6722A3E8-35E3-49EC-BDC2-048E026D33DB}.Debug|Any CPU.Build.0 = Debug|Any CPU
		{6722A3E8-35E3-49EC-BDC2-048E026D33DB}.Release|Any CPU.ActiveCfg = Release|Any CPU
		{6722A3E8-35E3-49EC-BDC2-048E026D33DB}.Release|Any CPU.Build.0 = Release|Any CPU
	EndGlobalSection
	GlobalSection(SolutionProperties) = preSolution
		HideSolutionNode = FALSE
	EndGlobalSection
	GlobalSection(ExtensibilityGlobals) = postSolution
		SolutionGuid = {545CF322-D74E-4562-9313-9D701407EF44}
	EndGlobalSection
EndGlobal
